
Microsoft Visual Studio Solution File, Format Version 12.00
# Visual Studio Version 16
VisualStudioVersion = 16.0.30503.244
MinimumVisualStudioVersion = 10.0.40219.1
Project("{FAE04EC0-301F-11D3-BF4B-00C04F79EFBC}") = "Temperatures", "Temperatures\Temperatures.csproj", "{33398E27-DD07-4D19-807C-4CEE4D36F71F}"
EndProject
Global
	GlobalSection(SolutionConfigurationPlatforms) = preSolution
		Debug|Any CPU = Debug|Any CPU
		Release|Any CPU = Release|Any CPU
	EndGlobalSection
	GlobalSection(ProjectConfigurationPlatforms) = postSolution
		{33398E27-DD07-4D19-807C-4CEE4D36F71F}.Debug|Any CPU.ActiveCfg = Debug|Any CPU
		{33398E27-DD07-4D19-807C-4CEE4D36F71F}.Debug|Any CPU.Build.0 = Debug|Any CPU
		{33398E27-DD07-4D19-807C-4CEE4D36F71F}.Release|Any CPU.ActiveCfg = Release|Any CPU
		{33398E27-DD07-4D19-807C-4CEE4D36F71F}.Release|Any CPU.Build.0 = Release|Any CPU
	EndGlobalSection
	GlobalSection(SolutionProperties) = preSolution
		HideSolutionNode = FALSE
	EndGlobalSection
	GlobalSection(ExtensibilityGlobals) = postSolution
		SolutionGuid = {32038339-A1CA-4BB7-B5E2-600437553CAC}
	EndGlobalSection
EndGlobal
