
Microsoft Visual Studio Solution File, Format Version 12.00
# Visual Studio Version 16
VisualStudioVersion = 16.0.30413.136
MinimumVisualStudioVersion = 10.0.40219.1
Project("{FAE04EC0-301F-11D3-BF4B-00C04F79EFBC}") = "assignment4", "assignment4\assignment4.csproj", "{3E7AFA35-6D34-4811-9753-8B87C3712C8F}"
EndProject
Global
	GlobalSection(SolutionConfigurationPlatforms) = preSolution
		Debug|Any CPU = Debug|Any CPU
		Release|Any CPU = Release|Any CPU
	EndGlobalSection
	GlobalSection(ProjectConfigurationPlatforms) = postSolution
		{3E7AFA35-6D34-4811-9753-8B87C3712C8F}.Debug|Any CPU.ActiveCfg = Debug|Any CPU
		{3E7AFA35-6D34-4811-9753-8B87C3712C8F}.Debug|Any CPU.Build.0 = Debug|Any CPU
		{3E7AFA35-6D34-4811-9753-8B87C3712C8F}.Release|Any CPU.ActiveCfg = Release|Any CPU
		{3E7AFA35-6D34-4811-9753-8B87C3712C8F}.Release|Any CPU.Build.0 = Release|Any CPU
	EndGlobalSection
	GlobalSection(SolutionProperties) = preSolution
		HideSolutionNode = FALSE
	EndGlobalSection
	GlobalSection(ExtensibilityGlobals) = postSolution
		SolutionGuid = {D84A40DF-108F-4886-AB7F-84F831BF5AA1}
	EndGlobalSection
EndGlobal
