
Microsoft Visual Studio Solution File, Format Version 12.00
# Visual Studio Version 16
VisualStudioVersion = 16.0.30517.126
MinimumVisualStudioVersion = 10.0.40219.1
Project("{FAE04EC0-301F-11D3-BF4B-00C04F79EFBC}") = "Assignment 7", "Assignment 7\Assignment 7.csproj", "{16F9CE78-5F3A-4018-9537-9017393ABE6B}"
EndProject
Global
	GlobalSection(SolutionConfigurationPlatforms) = preSolution
		Debug|Any CPU = Debug|Any CPU
		Release|Any CPU = Release|Any CPU
	EndGlobalSection
	GlobalSection(ProjectConfigurationPlatforms) = postSolution
		{16F9CE78-5F3A-4018-9537-9017393ABE6B}.Debug|Any CPU.ActiveCfg = Debug|Any CPU
		{16F9CE78-5F3A-4018-9537-9017393ABE6B}.Debug|Any CPU.Build.0 = Debug|Any CPU
		{16F9CE78-5F3A-4018-9537-9017393ABE6B}.Release|Any CPU.ActiveCfg = Release|Any CPU
		{16F9CE78-5F3A-4018-9537-9017393ABE6B}.Release|Any CPU.Build.0 = Release|Any CPU
	EndGlobalSection
	GlobalSection(SolutionProperties) = preSolution
		HideSolutionNode = FALSE
	EndGlobalSection
	GlobalSection(ExtensibilityGlobals) = postSolution
		SolutionGuid = {6DAA7B87-53FE-4B92-9512-B0F654FC98A2}
	EndGlobalSection
EndGlobal
